
Microsoft Visual Studio Solution File, Format Version 12.00
# Visual Studio 14
VisualStudioVersion = 14.0.24720.0
MinimumVisualStudioVersion = 10.0.40219.1
Project("{FAE04EC0-301F-11D3-BF4B-00C04F79EFBC}") = "HarmonyConsole", "HarmonyConsole\HarmonyConsole.csproj", "{DFDF65C8-E373-4325-ACBB-8762A41AAA82}"
EndProject
Project("{FAE04EC0-301F-11D3-BF4B-00C04F79EFBC}") = "HarmonyHub", "HarmonyHub\HarmonyHub.csproj", "{561D5F22-2CCF-4D84-A677-EB54CC39AFBF}"
EndProject
Project("{FAE04EC0-301F-11D3-BF4B-00C04F79EFBC}") = "HarmonyDemo", "HarmonyDemo\HarmonyDemo.csproj", "{88549705-696B-4C0F-9A3A-001FA3334276}"
EndProject
Global
	GlobalSection(SolutionConfigurationPlatforms) = preSolution
		Debug|Any CPU = Debug|Any CPU
		Release|Any CPU = Release|Any CPU
	EndGlobalSection
	GlobalSection(ProjectConfigurationPlatforms) = postSolution
		{DFDF65C8-E373-4325-ACBB-8762A41AAA82}.Debug|Any CPU.ActiveCfg = Debug|Any CPU
		{DFDF65C8-E373-4325-ACBB-8762A41AAA82}.Debug|Any CPU.Build.0 = Debug|Any CPU
		{DFDF65C8-E373-4325-ACBB-8762A41AAA82}.Release|Any CPU.ActiveCfg = Release|Any CPU
		{DFDF65C8-E373-4325-ACBB-8762A41AAA82}.Release|Any CPU.Build.0 = Release|Any CPU
		{561D5F22-2CCF-4D84-A677-EB54CC39AFBF}.Debug|Any CPU.ActiveCfg = Debug|Any CPU
		{561D5F22-2CCF-4D84-A677-EB54CC39AFBF}.Debug|Any CPU.Build.0 = Debug|Any CPU
		{561D5F22-2CCF-4D84-A677-EB54CC39AFBF}.Release|Any CPU.ActiveCfg = Release|Any CPU
		{561D5F22-2CCF-4D84-A677-EB54CC39AFBF}.Release|Any CPU.Build.0 = Release|Any CPU
		{88549705-696B-4C0F-9A3A-001FA3334276}.Debug|Any CPU.ActiveCfg = Debug|Any CPU
		{88549705-696B-4C0F-9A3A-001FA3334276}.Debug|Any CPU.Build.0 = Debug|Any CPU
		{88549705-696B-4C0F-9A3A-001FA3334276}.Release|Any CPU.ActiveCfg = Release|Any CPU
		{88549705-696B-4C0F-9A3A-001FA3334276}.Release|Any CPU.Build.0 = Release|Any CPU
	EndGlobalSection
	GlobalSection(SolutionProperties) = preSolution
		HideSolutionNode = FALSE
	EndGlobalSection
EndGlobal
